
Microsoft Visual Studio Solution File, Format Version 12.00
# Visual Studio 15
VisualStudioVersion = 15.0.27130.2036
MinimumVisualStudioVersion = 10.0.40219.1
Project("{F184B08F-C81C-45F6-A57F-5ABD9991F28F}") = "VisualBasicConsole", "VisualBasicConsole\VisualBasicConsole.vbproj", "{64715CE2-52DE-4112-A9A0-5CE8F770656B}"
EndProject
Project("{2150E333-8FDC-42A3-9474-1A3956D46DE8}") = "Solution Items", "Solution Items", "{876D4BCB-7C2E-4F4A-975A-AAD62F2F61C0}"
	ProjectSection(SolutionItems) = preProject
		readme.md = readme.md
	EndProjectSection
EndProject
Global
	GlobalSection(SolutionConfigurationPlatforms) = preSolution
		Debug|Any CPU = Debug|Any CPU
		Release|Any CPU = Release|Any CPU
	EndGlobalSection
	GlobalSection(ProjectConfigurationPlatforms) = postSolution
		{64715CE2-52DE-4112-A9A0-5CE8F770656B}.Debug|Any CPU.ActiveCfg = Debug|Any CPU
		{64715CE2-52DE-4112-A9A0-5CE8F770656B}.Debug|Any CPU.Build.0 = Debug|Any CPU
		{64715CE2-52DE-4112-A9A0-5CE8F770656B}.Release|Any CPU.ActiveCfg = Release|Any CPU
		{64715CE2-52DE-4112-A9A0-5CE8F770656B}.Release|Any CPU.Build.0 = Release|Any CPU
	EndGlobalSection
	GlobalSection(SolutionProperties) = preSolution
		HideSolutionNode = FALSE
	EndGlobalSection
	GlobalSection(ExtensibilityGlobals) = postSolution
		SolutionGuid = {0590D2C2-A0ED-4FE8-AF2C-B41B1EFFEF12}
	EndGlobalSection
EndGlobal
